
Microsoft Visual Studio Solution File, Format Version 12.00
# Visual Studio Version 17
VisualStudioVersion = 17.14.36310.24 d17.14
MinimumVisualStudioVersion = 10.0.40219.1
Project("{FAE04EC0-301F-11D3-BF4B-00C04F79EFBC}") = "Sistema.Generador.Imagenes", "Sistema.Generador.Imagenes\Sistema.Generador.Imagenes.csproj", "{633DE5A6-6B77-426E-AC91-9A2EE4ECCD12}"
EndProject
Global
	GlobalSection(SolutionConfigurationPlatforms) = preSolution
		Debug|Any CPU = Debug|Any CPU
		Release|Any CPU = Release|Any CPU
	EndGlobalSection
	GlobalSection(ProjectConfigurationPlatforms) = postSolution
		{633DE5A6-6B77-426E-AC91-9A2EE4ECCD12}.Debug|Any CPU.ActiveCfg = Debug|Any CPU
		{633DE5A6-6B77-426E-AC91-9A2EE4ECCD12}.Debug|Any CPU.Build.0 = Debug|Any CPU
		{633DE5A6-6B77-426E-AC91-9A2EE4ECCD12}.Release|Any CPU.ActiveCfg = Release|Any CPU
		{633DE5A6-6B77-426E-AC91-9A2EE4ECCD12}.Release|Any CPU.Build.0 = Release|Any CPU
	EndGlobalSection
	GlobalSection(SolutionProperties) = preSolution
		HideSolutionNode = FALSE
	EndGlobalSection
	GlobalSection(ExtensibilityGlobals) = postSolution
		SolutionGuid = {846B9A5F-20A9-4033-8DFA-62AA2795EE14}
	EndGlobalSection
EndGlobal
